
Microsoft Visual Studio Solution File, Format Version 12.00
# Visual Studio Version 16
VisualStudioVersion = 16.0.29806.167
MinimumVisualStudioVersion = 10.0.40219.1
Project("{9A19103F-16F7-4668-BE54-9A1E7A4F7556}") = "MyAirport", "MyAirport\MyAirport.csproj", "{4825934B-EE33-4D12-A167-4E817501B77A}"
EndProject
Project("{9A19103F-16F7-4668-BE54-9A1E7A4F7556}") = "MyAirport.EF", "MyAirport.EF\MyAirport.EF.csproj", "{98B8B162-CF9E-47FD-8C77-9B03DA4AD9AC}"
EndProject
Project("{9A19103F-16F7-4668-BE54-9A1E7A4F7556}") = "MyAirportWebAPI", "MyAirportWebAPI\MyAirportWebAPI.csproj", "{3797255F-7E4B-4951-AFA6-0087309910C9}"
	ProjectSection(ProjectDependencies) = postProject
		{98B8B162-CF9E-47FD-8C77-9B03DA4AD9AC} = {98B8B162-CF9E-47FD-8C77-9B03DA4AD9AC}
	EndProjectSection
EndProject
Project("{9A19103F-16F7-4668-BE54-9A1E7A4F7556}") = "MyAirportGraphQL", "MyAirportGraphQL\MyAirportGraphQL.csproj", "{636A27E9-D00D-489A-B79B-9B3E956DB7DF}"
EndProject
Project("{FAE04EC0-301F-11D3-BF4B-00C04F79EFBC}") = "MyAirportRazor", "MyAirportRazor\MyAirportRazor.csproj", "{652E4E7C-2B86-4136-A46B-4921D9764B39}"
EndProject
Global
	GlobalSection(SolutionConfigurationPlatforms) = preSolution
		Debug|Any CPU = Debug|Any CPU
		Release|Any CPU = Release|Any CPU
	EndGlobalSection
	GlobalSection(ProjectConfigurationPlatforms) = postSolution
		{4825934B-EE33-4D12-A167-4E817501B77A}.Debug|Any CPU.ActiveCfg = Debug|Any CPU
		{4825934B-EE33-4D12-A167-4E817501B77A}.Debug|Any CPU.Build.0 = Debug|Any CPU
		{4825934B-EE33-4D12-A167-4E817501B77A}.Release|Any CPU.ActiveCfg = Release|Any CPU
		{4825934B-EE33-4D12-A167-4E817501B77A}.Release|Any CPU.Build.0 = Release|Any CPU
		{98B8B162-CF9E-47FD-8C77-9B03DA4AD9AC}.Debug|Any CPU.ActiveCfg = Debug|Any CPU
		{98B8B162-CF9E-47FD-8C77-9B03DA4AD9AC}.Debug|Any CPU.Build.0 = Debug|Any CPU
		{98B8B162-CF9E-47FD-8C77-9B03DA4AD9AC}.Release|Any CPU.ActiveCfg = Release|Any CPU
		{98B8B162-CF9E-47FD-8C77-9B03DA4AD9AC}.Release|Any CPU.Build.0 = Release|Any CPU
		{3797255F-7E4B-4951-AFA6-0087309910C9}.Debug|Any CPU.ActiveCfg = Debug|Any CPU
		{3797255F-7E4B-4951-AFA6-0087309910C9}.Debug|Any CPU.Build.0 = Debug|Any CPU
		{3797255F-7E4B-4951-AFA6-0087309910C9}.Release|Any CPU.ActiveCfg = Release|Any CPU
		{3797255F-7E4B-4951-AFA6-0087309910C9}.Release|Any CPU.Build.0 = Release|Any CPU
		{636A27E9-D00D-489A-B79B-9B3E956DB7DF}.Debug|Any CPU.ActiveCfg = Debug|Any CPU
		{636A27E9-D00D-489A-B79B-9B3E956DB7DF}.Debug|Any CPU.Build.0 = Debug|Any CPU
		{636A27E9-D00D-489A-B79B-9B3E956DB7DF}.Release|Any CPU.ActiveCfg = Release|Any CPU
		{636A27E9-D00D-489A-B79B-9B3E956DB7DF}.Release|Any CPU.Build.0 = Release|Any CPU
		{652E4E7C-2B86-4136-A46B-4921D9764B39}.Debug|Any CPU.ActiveCfg = Debug|Any CPU
		{652E4E7C-2B86-4136-A46B-4921D9764B39}.Debug|Any CPU.Build.0 = Debug|Any CPU
		{652E4E7C-2B86-4136-A46B-4921D9764B39}.Release|Any CPU.ActiveCfg = Release|Any CPU
		{652E4E7C-2B86-4136-A46B-4921D9764B39}.Release|Any CPU.Build.0 = Release|Any CPU
	EndGlobalSection
	GlobalSection(SolutionProperties) = preSolution
		HideSolutionNode = FALSE
	EndGlobalSection
	GlobalSection(ExtensibilityGlobals) = postSolution
		SolutionGuid = {1D65781E-C7F5-4CC3-8337-DD3F86C2CAF2}
	EndGlobalSection
EndGlobal
